
Microsoft Visual Studio Solution File, Format Version 12.00
# Visual Studio Version 16
VisualStudioVersion = 16.0.30320.27
MinimumVisualStudioVersion = 10.0.40219.1
Project("{FAE04EC0-301F-11D3-BF4B-00C04F79EFBC}") = "OnlineShopping.Entity", "OnlineShopping.Entity\OnlineShopping.Entity.csproj", "{CA1A4D25-C598-4AD6-A9AE-0B725813B9D3}"
EndProject
Project("{FAE04EC0-301F-11D3-BF4B-00C04F79EFBC}") = "OnlineShopping.ORM", "OnlineShopping.ORM\OnlineShopping.ORM.csproj", "{EC00B7B8-71D3-4D95-9E7A-A531F226681A}"
EndProject
Project("{FAE04EC0-301F-11D3-BF4B-00C04F79EFBC}") = "OnlineShopping.WPF.UI", "OnlineShopping.WPF.UI\OnlineShopping.WPF.UI.csproj", "{F41ABD7E-95DB-47AE-B438-30FBADB5A91D}"
EndProject
Global
	GlobalSection(SolutionConfigurationPlatforms) = preSolution
		Debug|Any CPU = Debug|Any CPU
		Release|Any CPU = Release|Any CPU
	EndGlobalSection
	GlobalSection(ProjectConfigurationPlatforms) = postSolution
		{CA1A4D25-C598-4AD6-A9AE-0B725813B9D3}.Debug|Any CPU.ActiveCfg = Debug|Any CPU
		{CA1A4D25-C598-4AD6-A9AE-0B725813B9D3}.Debug|Any CPU.Build.0 = Debug|Any CPU
		{CA1A4D25-C598-4AD6-A9AE-0B725813B9D3}.Release|Any CPU.ActiveCfg = Release|Any CPU
		{CA1A4D25-C598-4AD6-A9AE-0B725813B9D3}.Release|Any CPU.Build.0 = Release|Any CPU
		{EC00B7B8-71D3-4D95-9E7A-A531F226681A}.Debug|Any CPU.ActiveCfg = Debug|Any CPU
		{EC00B7B8-71D3-4D95-9E7A-A531F226681A}.Debug|Any CPU.Build.0 = Debug|Any CPU
		{EC00B7B8-71D3-4D95-9E7A-A531F226681A}.Release|Any CPU.ActiveCfg = Release|Any CPU
		{EC00B7B8-71D3-4D95-9E7A-A531F226681A}.Release|Any CPU.Build.0 = Release|Any CPU
		{F41ABD7E-95DB-47AE-B438-30FBADB5A91D}.Debug|Any CPU.ActiveCfg = Debug|Any CPU
		{F41ABD7E-95DB-47AE-B438-30FBADB5A91D}.Debug|Any CPU.Build.0 = Debug|Any CPU
		{F41ABD7E-95DB-47AE-B438-30FBADB5A91D}.Release|Any CPU.ActiveCfg = Release|Any CPU
		{F41ABD7E-95DB-47AE-B438-30FBADB5A91D}.Release|Any CPU.Build.0 = Release|Any CPU
	EndGlobalSection
	GlobalSection(SolutionProperties) = preSolution
		HideSolutionNode = FALSE
	EndGlobalSection
	GlobalSection(ExtensibilityGlobals) = postSolution
		SolutionGuid = {2856D19F-D337-4CB1-BBBE-45561C96123C}
	EndGlobalSection
EndGlobal
